
Microsoft Visual Studio Solution File, Format Version 12.00
# Visual Studio Version 17
VisualStudioVersion = 17.5.33530.505
MinimumVisualStudioVersion = 10.0.40219.1
Project("{FAE04EC0-301F-11D3-BF4B-00C04F79EFBC}") = "Xml_task", "Xml_task\Xml_task.csproj", "{75203CCC-6EDC-45CC-935E-8315FB0DDFF8}"
EndProject
Global
	GlobalSection(SolutionConfigurationPlatforms) = preSolution
		Debug|Any CPU = Debug|Any CPU
		Release|Any CPU = Release|Any CPU
	EndGlobalSection
	GlobalSection(ProjectConfigurationPlatforms) = postSolution
		{75203CCC-6EDC-45CC-935E-8315FB0DDFF8}.Debug|Any CPU.ActiveCfg = Debug|Any CPU
		{75203CCC-6EDC-45CC-935E-8315FB0DDFF8}.Debug|Any CPU.Build.0 = Debug|Any CPU
		{75203CCC-6EDC-45CC-935E-8315FB0DDFF8}.Release|Any CPU.ActiveCfg = Release|Any CPU
		{75203CCC-6EDC-45CC-935E-8315FB0DDFF8}.Release|Any CPU.Build.0 = Release|Any CPU
	EndGlobalSection
	GlobalSection(SolutionProperties) = preSolution
		HideSolutionNode = FALSE
	EndGlobalSection
	GlobalSection(ExtensibilityGlobals) = postSolution
		SolutionGuid = {45C7AA9E-035B-4D04-8D39-4296FA478364}
	EndGlobalSection
EndGlobal
